{
  "version": 4,
  "terraform_version": "1.13.4",
  "serial": 33,
  "lineage": "a36519a7-4ba8-7071-6eda-0690d91c7b5c",
  "outputs": {
    "admin_user": {
      "value": "azureuser",
      "type": "string"
    },
    "public_ip": {
      "value": "52.226.34.185",
      "type": "string"
    },
    "ssh_commands": {
      "value": "ssh azureuser@52.226.34.185",
      "type": "string"
    }
  },
  "resources": [
    {
      "mode": "managed",
      "type": "azurerm_linux_virtual_machine",
      "name": "vm",
      "provider": "provider[\"registry.terraform.io/hashicorp/azurerm\"]",
      "instances": [
        {
          "schema_version": 0,
          "attributes": {
            "additional_capabilities": [],
            "admin_password": null,
            "admin_ssh_key": [
              {
                "public_key": "ssh-ed25519 AAAAC3NzaC1lZDI1NTE5AAAAILvR1NVza3j+ArJ4k9b2L4sOKvppAlYCwAU6Yftqi9SN you@company\n",
                "username": "azureuser"
              }
            ],
            "admin_username": "azureuser",
            "allow_extension_operations": true,
            "availability_set_id": "",
            "boot_diagnostics": [],
            "bypass_platform_safety_checks_on_user_schedule_enabled": false,
            "capacity_reservation_group_id": "",
            "computer_name": "rg-mini-finance-vm",
            "custom_data": null,
            "dedicated_host_group_id": "",
            "dedicated_host_id": "",
            "disable_password_authentication": true,
            "disk_controller_type": "",
            "edge_zone": "",
            "encryption_at_host_enabled": false,
            "eviction_policy": "",
            "extensions_time_budget": "PT1H30M",
            "gallery_application": [],
            "id": "/subscriptions/76ac7853-64f7-4ae7-97f6-e0ace42c6322/resourceGroups/rg-mini-finance/providers/Microsoft.Compute/virtualMachines/rg-mini-finance-vm",
            "identity": [],
            "license_type": "",
            "location": "eastus",
            "max_bid_price": -1,
            "name": "rg-mini-finance-vm",
            "network_interface_ids": [
              "/subscriptions/76ac7853-64f7-4ae7-97f6-e0ace42c6322/resourceGroups/rg-mini-finance/providers/Microsoft.Network/networkInterfaces/rg-mini-finance-nic"
            ],
            "os_disk": [
              {
                "caching": "ReadWrite",
                "diff_disk_settings": [],
                "disk_encryption_set_id": "",
                "disk_size_gb": 30,
                "id": "/subscriptions/76ac7853-64f7-4ae7-97f6-e0ace42c6322/resourceGroups/rg-mini-finance/providers/Microsoft.Compute/disks/rg-mini-finance-vm_OsDisk_1_25be7c1c52014f04a57c760754d29fba",
                "name": "rg-mini-finance-vm_OsDisk_1_25be7c1c52014f04a57c760754d29fba",
                "secure_vm_disk_encryption_set_id": "",
                "security_encryption_type": "",
                "storage_account_type": "Standard_LRS",
                "write_accelerator_enabled": false
              }
            ],
            "os_image_notification": [],
            "os_managed_disk_id": "/subscriptions/76ac7853-64f7-4ae7-97f6-e0ace42c6322/resourceGroups/rg-mini-finance/providers/Microsoft.Compute/disks/rg-mini-finance-vm_OsDisk_1_25be7c1c52014f04a57c760754d29fba",
            "patch_assessment_mode": "ImageDefault",
            "patch_mode": "ImageDefault",
            "plan": [],
            "platform_fault_domain": -1,
            "priority": "Regular",
            "private_ip_address": "10.0.1.4",
            "private_ip_addresses": [
              "10.0.1.4"
            ],
            "provision_vm_agent": true,
            "proximity_placement_group_id": "",
            "public_ip_address": "52.226.34.185",
            "public_ip_addresses": [
              "52.226.34.185"
            ],
            "reboot_setting": "",
            "resource_group_name": "rg-mini-finance",
            "secret": [],
            "secure_boot_enabled": false,
            "size": "Standard_B1s",
            "source_image_id": "",
            "source_image_reference": [
              {
                "offer": "0001-com-ubuntu-server-jammy",
                "publisher": "Canonical",
                "sku": "22_04-lts",
                "version": "latest"
              }
            ],
            "tags": {
              "project": "mini-finance"
            },
            "termination_notification": null,
            "timeouts": null,
            "user_data": "",
            "virtual_machine_id": "c6798286-c174-46f2-a3dd-16a6187acda5",
            "virtual_machine_scale_set_id": "",
            "vm_agent_platform_updates_enabled": false,
            "vtpm_enabled": false,
            "zone": ""
          },
          "sensitive_attributes": [
            [
              {
                "type": "get_attr",
                "value": "admin_password"
              }
            ],
            [
              {
                "type": "get_attr",
                "value": "custom_data"
              }
            ]
          ],
          "identity_schema_version": 0,
          "private": "eyJlMmJmYjczMC1lY2FhLTExZTYtOGY4OC0zNDM2M2JjN2M0YzAiOnsiY3JlYXRlIjoyNzAwMDAwMDAwMDAwLCJkZWxldGUiOjI3MDAwMDAwMDAwMDAsInJlYWQiOjMwMDAwMDAwMDAwMCwidXBkYXRlIjoyNzAwMDAwMDAwMDAwfX0=",
          "dependencies": [
            "azurerm_network_interface.nic",
            "azurerm_public_ip.pip",
            "azurerm_resource_group.rg",
            "azurerm_subnet.subnet",
            "azurerm_virtual_network.vnet"
          ]
        }
      ]
    },
    {
      "mode": "managed",
      "type": "azurerm_network_interface",
      "name": "nic",
      "provider": "provider[\"registry.terraform.io/hashicorp/azurerm\"]",
      "instances": [
        {
          "schema_version": 0,
          "attributes": {
            "accelerated_networking_enabled": false,
            "applied_dns_servers": [],
            "auxiliary_mode": "",
            "auxiliary_sku": "",
            "dns_servers": null,
            "edge_zone": "",
            "id": "/subscriptions/76ac7853-64f7-4ae7-97f6-e0ace42c6322/resourceGroups/rg-mini-finance/providers/Microsoft.Network/networkInterfaces/rg-mini-finance-nic",
            "internal_dns_name_label": "",
            "internal_domain_name_suffix": "aw5vesfhe0muvj2a2fjqt1gzbg.bx.internal.cloudapp.net",
            "ip_configuration": [
              {
                "gateway_load_balancer_frontend_ip_configuration_id": "",
                "name": "ipconfig1",
                "primary": true,
                "private_ip_address": "10.0.1.4",
                "private_ip_address_allocation": "Dynamic",
                "private_ip_address_version": "IPv4",
                "public_ip_address_id": "/subscriptions/76ac7853-64f7-4ae7-97f6-e0ace42c6322/resourceGroups/rg-mini-finance/providers/Microsoft.Network/publicIPAddresses/rg-mini-finance-pip",
                "subnet_id": "/subscriptions/76ac7853-64f7-4ae7-97f6-e0ace42c6322/resourceGroups/rg-mini-finance/providers/Microsoft.Network/virtualNetworks/rg-mini-finance-vnet/subnets/rg-mini-finance-subnet"
              }
            ],
            "ip_forwarding_enabled": false,
            "location": "eastus",
            "mac_address": "",
            "name": "rg-mini-finance-nic",
            "private_ip_address": "10.0.1.4",
            "private_ip_addresses": [
              "10.0.1.4"
            ],
            "resource_group_name": "rg-mini-finance",
            "tags": null,
            "timeouts": null,
            "virtual_machine_id": ""
          },
          "sensitive_attributes": [],
          "identity_schema_version": 0,
          "identity": {
            "name": "rg-mini-finance-nic",
            "resource_group_name": "rg-mini-finance",
            "subscription_id": "76ac7853-64f7-4ae7-97f6-e0ace42c6322"
          },
          "private": "eyJlMmJmYjczMC1lY2FhLTExZTYtOGY4OC0zNDM2M2JjN2M0YzAiOnsiY3JlYXRlIjoxODAwMDAwMDAwMDAwLCJkZWxldGUiOjE4MDAwMDAwMDAwMDAsInJlYWQiOjMwMDAwMDAwMDAwMCwidXBkYXRlIjoxODAwMDAwMDAwMDAwfX0=",
          "dependencies": [
            "azurerm_public_ip.pip",
            "azurerm_resource_group.rg",
            "azurerm_subnet.subnet",
            "azurerm_virtual_network.vnet"
          ]
        }
      ]
    },
    {
      "mode": "managed",
      "type": "azurerm_network_interface_security_group_association",
      "name": "nsg_association",
      "provider": "provider[\"registry.terraform.io/hashicorp/azurerm\"]",
      "instances": [
        {
          "schema_version": 0,
          "attributes": {
            "id": "/subscriptions/76ac7853-64f7-4ae7-97f6-e0ace42c6322/resourceGroups/rg-mini-finance/providers/Microsoft.Network/networkInterfaces/rg-mini-finance-nic|/subscriptions/76ac7853-64f7-4ae7-97f6-e0ace42c6322/resourceGroups/rg-mini-finance/providers/Microsoft.Network/networkSecurityGroups/rg-mini-finance-nsg",
            "network_interface_id": "/subscriptions/76ac7853-64f7-4ae7-97f6-e0ace42c6322/resourceGroups/rg-mini-finance/providers/Microsoft.Network/networkInterfaces/rg-mini-finance-nic",
            "network_security_group_id": "/subscriptions/76ac7853-64f7-4ae7-97f6-e0ace42c6322/resourceGroups/rg-mini-finance/providers/Microsoft.Network/networkSecurityGroups/rg-mini-finance-nsg",
            "timeouts": null
          },
          "sensitive_attributes": [],
          "identity_schema_version": 0,
          "private": "eyJlMmJmYjczMC1lY2FhLTExZTYtOGY4OC0zNDM2M2JjN2M0YzAiOnsiY3JlYXRlIjoxODAwMDAwMDAwMDAwLCJkZWxldGUiOjE4MDAwMDAwMDAwMDAsInJlYWQiOjMwMDAwMDAwMDAwMH19",
          "dependencies": [
            "azurerm_network_interface.nic",
            "azurerm_network_security_group.nsg",
            "azurerm_public_ip.pip",
            "azurerm_resource_group.rg",
            "azurerm_subnet.subnet",
            "azurerm_virtual_network.vnet"
          ]
        }
      ]
    },
    {
      "mode": "managed",
      "type": "azurerm_network_security_group",
      "name": "nsg",
      "provider": "provider[\"registry.terraform.io/hashicorp/azurerm\"]",
      "instances": [
        {
          "schema_version": 0,
          "attributes": {
            "id": "/subscriptions/76ac7853-64f7-4ae7-97f6-e0ace42c6322/resourceGroups/rg-mini-finance/providers/Microsoft.Network/networkSecurityGroups/rg-mini-finance-nsg",
            "location": "eastus",
            "name": "rg-mini-finance-nsg",
            "resource_group_name": "rg-mini-finance",
            "security_rule": [],
            "tags": null,
            "timeouts": null
          },
          "sensitive_attributes": [],
          "identity_schema_version": 0,
          "identity": {
            "name": "rg-mini-finance-nsg",
            "resource_group_name": "rg-mini-finance",
            "subscription_id": "76ac7853-64f7-4ae7-97f6-e0ace42c6322"
          },
          "private": "eyJlMmJmYjczMC1lY2FhLTExZTYtOGY4OC0zNDM2M2JjN2M0YzAiOnsiY3JlYXRlIjoxODAwMDAwMDAwMDAwLCJkZWxldGUiOjE4MDAwMDAwMDAwMDAsInJlYWQiOjMwMDAwMDAwMDAwMCwidXBkYXRlIjoxODAwMDAwMDAwMDAwfX0=",
          "dependencies": [
            "azurerm_resource_group.rg"
          ]
        }
      ]
    },
    {
      "mode": "managed",
      "type": "azurerm_network_security_rule",
      "name": "http",
      "provider": "provider[\"registry.terraform.io/hashicorp/azurerm\"]",
      "instances": [
        {
          "schema_version": 0,
          "attributes": {
            "access": "Allow",
            "description": "",
            "destination_address_prefix": "*",
            "destination_address_prefixes": null,
            "destination_application_security_group_ids": null,
            "destination_port_range": "80",
            "destination_port_ranges": null,
            "direction": "Inbound",
            "id": "/subscriptions/76ac7853-64f7-4ae7-97f6-e0ace42c6322/resourceGroups/rg-mini-finance/providers/Microsoft.Network/networkSecurityGroups/rg-mini-finance-nsg/securityRules/Allow-HTTP",
            "name": "Allow-HTTP",
            "network_security_group_name": "rg-mini-finance-nsg",
            "priority": 1010,
            "protocol": "Tcp",
            "resource_group_name": "rg-mini-finance",
            "source_address_prefix": "*",
            "source_address_prefixes": null,
            "source_application_security_group_ids": null,
            "source_port_range": "*",
            "source_port_ranges": null,
            "timeouts": null
          },
          "sensitive_attributes": [],
          "identity_schema_version": 0,
          "identity": {
            "name": "Allow-HTTP",
            "network_security_group_name": "rg-mini-finance-nsg",
            "resource_group_name": "rg-mini-finance",
            "subscription_id": "76ac7853-64f7-4ae7-97f6-e0ace42c6322"
          },
          "private": "eyJlMmJmYjczMC1lY2FhLTExZTYtOGY4OC0zNDM2M2JjN2M0YzAiOnsiY3JlYXRlIjoxODAwMDAwMDAwMDAwLCJkZWxldGUiOjE4MDAwMDAwMDAwMDAsInJlYWQiOjMwMDAwMDAwMDAwMCwidXBkYXRlIjoxODAwMDAwMDAwMDAwfX0=",
          "dependencies": [
            "azurerm_network_security_group.nsg",
            "azurerm_resource_group.rg"
          ]
        }
      ]
    },
    {
      "mode": "managed",
      "type": "azurerm_network_security_rule",
      "name": "ssh",
      "provider": "provider[\"registry.terraform.io/hashicorp/azurerm\"]",
      "instances": [
        {
          "schema_version": 0,
          "attributes": {
            "access": "Allow",
            "description": "",
            "destination_address_prefix": "*",
            "destination_address_prefixes": null,
            "destination_application_security_group_ids": null,
            "destination_port_range": "22",
            "destination_port_ranges": null,
            "direction": "Inbound",
            "id": "/subscriptions/76ac7853-64f7-4ae7-97f6-e0ace42c6322/resourceGroups/rg-mini-finance/providers/Microsoft.Network/networkSecurityGroups/rg-mini-finance-nsg/securityRules/Allow-SSH",
            "name": "Allow-SSH",
            "network_security_group_name": "rg-mini-finance-nsg",
            "priority": 1001,
            "protocol": "Tcp",
            "resource_group_name": "rg-mini-finance",
            "source_address_prefix": "*",
            "source_address_prefixes": null,
            "source_application_security_group_ids": null,
            "source_port_range": "*",
            "source_port_ranges": null,
            "timeouts": null
          },
          "sensitive_attributes": [],
          "identity_schema_version": 0,
          "identity": {
            "name": "Allow-SSH",
            "network_security_group_name": "rg-mini-finance-nsg",
            "resource_group_name": "rg-mini-finance",
            "subscription_id": "76ac7853-64f7-4ae7-97f6-e0ace42c6322"
          },
          "private": "eyJlMmJmYjczMC1lY2FhLTExZTYtOGY4OC0zNDM2M2JjN2M0YzAiOnsiY3JlYXRlIjoxODAwMDAwMDAwMDAwLCJkZWxldGUiOjE4MDAwMDAwMDAwMDAsInJlYWQiOjMwMDAwMDAwMDAwMCwidXBkYXRlIjoxODAwMDAwMDAwMDAwfX0=",
          "dependencies": [
            "azurerm_network_security_group.nsg",
            "azurerm_resource_group.rg"
          ]
        }
      ]
    },
    {
      "mode": "managed",
      "type": "azurerm_public_ip",
      "name": "pip",
      "provider": "provider[\"registry.terraform.io/hashicorp/azurerm\"]",
      "instances": [
        {
          "schema_version": 0,
          "attributes": {
            "allocation_method": "Static",
            "ddos_protection_mode": "VirtualNetworkInherited",
            "ddos_protection_plan_id": null,
            "domain_name_label": null,
            "domain_name_label_scope": null,
            "edge_zone": "",
            "fqdn": null,
            "id": "/subscriptions/76ac7853-64f7-4ae7-97f6-e0ace42c6322/resourceGroups/rg-mini-finance/providers/Microsoft.Network/publicIPAddresses/rg-mini-finance-pip",
            "idle_timeout_in_minutes": 4,
            "ip_address": "52.226.34.185",
            "ip_tags": null,
            "ip_version": "IPv4",
            "location": "eastus",
            "name": "rg-mini-finance-pip",
            "public_ip_prefix_id": null,
            "resource_group_name": "rg-mini-finance",
            "reverse_fqdn": null,
            "sku": "Standard",
            "sku_tier": "Regional",
            "tags": null,
            "timeouts": null,
            "zones": null
          },
          "sensitive_attributes": [],
          "identity_schema_version": 0,
          "private": "eyJlMmJmYjczMC1lY2FhLTExZTYtOGY4OC0zNDM2M2JjN2M0YzAiOnsiY3JlYXRlIjoxODAwMDAwMDAwMDAwLCJkZWxldGUiOjE4MDAwMDAwMDAwMDAsInJlYWQiOjMwMDAwMDAwMDAwMCwidXBkYXRlIjoxODAwMDAwMDAwMDAwfX0=",
          "dependencies": [
            "azurerm_resource_group.rg"
          ]
        }
      ]
    },
    {
      "mode": "managed",
      "type": "azurerm_resource_group",
      "name": "rg",
      "provider": "provider[\"registry.terraform.io/hashicorp/azurerm\"]",
      "instances": [
        {
          "schema_version": 0,
          "attributes": {
            "id": "/subscriptions/76ac7853-64f7-4ae7-97f6-e0ace42c6322/resourceGroups/rg-mini-finance",
            "location": "eastus",
            "managed_by": "",
            "name": "rg-mini-finance",
            "tags": null,
            "timeouts": null
          },
          "sensitive_attributes": [],
          "identity_schema_version": 0,
          "private": "eyJlMmJmYjczMC1lY2FhLTExZTYtOGY4OC0zNDM2M2JjN2M0YzAiOnsiY3JlYXRlIjo1NDAwMDAwMDAwMDAwLCJkZWxldGUiOjU0MDAwMDAwMDAwMDAsInJlYWQiOjMwMDAwMDAwMDAwMCwidXBkYXRlIjo1NDAwMDAwMDAwMDAwfX0="
        }
      ]
    },
    {
      "mode": "managed",
      "type": "azurerm_subnet",
      "name": "subnet",
      "provider": "provider[\"registry.terraform.io/hashicorp/azurerm\"]",
      "instances": [
        {
          "schema_version": 0,
          "attributes": {
            "address_prefixes": [
              "10.0.1.0/24"
            ],
            "default_outbound_access_enabled": true,
            "delegation": [],
            "id": "/subscriptions/76ac7853-64f7-4ae7-97f6-e0ace42c6322/resourceGroups/rg-mini-finance/providers/Microsoft.Network/virtualNetworks/rg-mini-finance-vnet/subnets/rg-mini-finance-subnet",
            "ip_address_pool": [],
            "name": "rg-mini-finance-subnet",
            "private_endpoint_network_policies": "Disabled",
            "private_link_service_network_policies_enabled": true,
            "resource_group_name": "rg-mini-finance",
            "service_endpoint_policy_ids": null,
            "service_endpoints": null,
            "sharing_scope": "",
            "timeouts": null,
            "virtual_network_name": "rg-mini-finance-vnet"
          },
          "sensitive_attributes": [],
          "identity_schema_version": 0,
          "identity": {
            "name": "rg-mini-finance-subnet",
            "resource_group_name": "rg-mini-finance",
            "subscription_id": "76ac7853-64f7-4ae7-97f6-e0ace42c6322",
            "virtual_network_name": "rg-mini-finance-vnet"
          },
          "private": "eyJlMmJmYjczMC1lY2FhLTExZTYtOGY4OC0zNDM2M2JjN2M0YzAiOnsiY3JlYXRlIjoxODAwMDAwMDAwMDAwLCJkZWxldGUiOjE4MDAwMDAwMDAwMDAsInJlYWQiOjMwMDAwMDAwMDAwMCwidXBkYXRlIjoxODAwMDAwMDAwMDAwfX0=",
          "dependencies": [
            "azurerm_resource_group.rg",
            "azurerm_virtual_network.vnet"
          ]
        }
      ]
    },
    {
      "mode": "managed",
      "type": "azurerm_virtual_network",
      "name": "vnet",
      "provider": "provider[\"registry.terraform.io/hashicorp/azurerm\"]",
      "instances": [
        {
          "schema_version": 0,
          "attributes": {
            "address_space": [
              "10.0.0.0/16"
            ],
            "bgp_community": "",
            "ddos_protection_plan": [],
            "dns_servers": [],
            "edge_zone": "",
            "encryption": [],
            "flow_timeout_in_minutes": 0,
            "guid": "4852bf05-26a7-4a99-a780-e15309ecd90e",
            "id": "/subscriptions/76ac7853-64f7-4ae7-97f6-e0ace42c6322/resourceGroups/rg-mini-finance/providers/Microsoft.Network/virtualNetworks/rg-mini-finance-vnet",
            "ip_address_pool": [],
            "location": "eastus",
            "name": "rg-mini-finance-vnet",
            "private_endpoint_vnet_policies": "Disabled",
            "resource_group_name": "rg-mini-finance",
            "subnet": [],
            "tags": null,
            "timeouts": null
          },
          "sensitive_attributes": [],
          "identity_schema_version": 0,
          "identity": {
            "name": "rg-mini-finance-vnet",
            "resource_group_name": "rg-mini-finance",
            "subscription_id": "76ac7853-64f7-4ae7-97f6-e0ace42c6322"
          },
          "private": "eyJlMmJmYjczMC1lY2FhLTExZTYtOGY4OC0zNDM2M2JjN2M0YzAiOnsiY3JlYXRlIjoxODAwMDAwMDAwMDAwLCJkZWxldGUiOjE4MDAwMDAwMDAwMDAsInJlYWQiOjMwMDAwMDAwMDAwMCwidXBkYXRlIjoxODAwMDAwMDAwMDAwfX0=",
          "dependencies": [
            "azurerm_resource_group.rg"
          ]
        }
      ]
    }
  ],
  "check_results": null
}
